
Microsoft Visual Studio Solution File, Format Version 12.00
# Visual Studio Version 16
VisualStudioVersion = 16.0.32106.194
MinimumVisualStudioVersion = 10.0.40219.1
Project("{FAE04EC0-301F-11D3-BF4B-00C04F79EFBC}") = "MVCStok", "MVCStok.csproj", "{23E51941-7617-495D-AAA6-1D6047D9D1DF}"
EndProject
Global
	GlobalSection(SolutionConfigurationPlatforms) = preSolution
		Debug|Any CPU = Debug|Any CPU
		Release|Any CPU = Release|Any CPU
	EndGlobalSection
	GlobalSection(ProjectConfigurationPlatforms) = postSolution
		{23E51941-7617-495D-AAA6-1D6047D9D1DF}.Debug|Any CPU.ActiveCfg = Debug|Any CPU
		{23E51941-7617-495D-AAA6-1D6047D9D1DF}.Debug|Any CPU.Build.0 = Debug|Any CPU
		{23E51941-7617-495D-AAA6-1D6047D9D1DF}.Release|Any CPU.ActiveCfg = Release|Any CPU
		{23E51941-7617-495D-AAA6-1D6047D9D1DF}.Release|Any CPU.Build.0 = Release|Any CPU
	EndGlobalSection
	GlobalSection(SolutionProperties) = preSolution
		HideSolutionNode = FALSE
	EndGlobalSection
	GlobalSection(ExtensibilityGlobals) = postSolution
		SolutionGuid = {D89A669D-FB42-4A29-A163-379161228267}
	EndGlobalSection
EndGlobal
